{
  "nodes": {
    "nixpkgs": {
      "locked": {
        "lastModified": 1706436897,
        "narHash": "sha256-/NXOtZIKTWw2vza5dMc7YSMPqcUMaPfGP+sGEmfWWig=",
        "owner": "nixos",
        "repo": "nixpkgs",
        "rev": "9a9ed628da061820b9039a6795cb233f08816c76",
        "type": "github"
      },
      "original": {
        "owner": "nixos",
        "repo": "nixpkgs",
        "type": "github"
      }
    },
    "root": {
      "inputs": {
        "nixpkgs": "nixpkgs"
      }
    }
  },
  "root": "root",
  "version": 7
}
